
Microsoft Visual Studio Solution File, Format Version 12.00
# Visual Studio Version 17
VisualStudioVersion = 17.8.34309.116
MinimumVisualStudioVersion = 10.0.40219.1
Project("{FAE04EC0-301F-11D3-BF4B-00C04F79EFBC}") = "Domain", "Domain\Domain.csproj", "{4060F8BE-110C-48C2-8C24-530B8EEC7425}"
EndProject
Project("{FAE04EC0-301F-11D3-BF4B-00C04F79EFBC}") = "Infrastructure", "Infrastructure\Infrastructure.csproj", "{600347FB-C35F-4CE1-BF7B-810CCC74143B}"
EndProject
Project("{FAE04EC0-301F-11D3-BF4B-00C04F79EFBC}") = "Application", "Application\Application.csproj", "{CCE897C8-84C8-44D0-9E6F-FBEF28002010}"
EndProject
Project("{FAE04EC0-301F-11D3-BF4B-00C04F79EFBC}") = "Insurance.Api", "Insurance.Api\Insurance.Api.csproj", "{CFA6D8E2-2B5D-4AEF-B65D-1C542719773F}"
EndProject
Global
	GlobalSection(SolutionConfigurationPlatforms) = preSolution
		Debug|Any CPU = Debug|Any CPU
		Release|Any CPU = Release|Any CPU
	EndGlobalSection
	GlobalSection(ProjectConfigurationPlatforms) = postSolution
		{4060F8BE-110C-48C2-8C24-530B8EEC7425}.Debug|Any CPU.ActiveCfg = Debug|Any CPU
		{4060F8BE-110C-48C2-8C24-530B8EEC7425}.Debug|Any CPU.Build.0 = Debug|Any CPU
		{4060F8BE-110C-48C2-8C24-530B8EEC7425}.Release|Any CPU.ActiveCfg = Release|Any CPU
		{4060F8BE-110C-48C2-8C24-530B8EEC7425}.Release|Any CPU.Build.0 = Release|Any CPU
		{600347FB-C35F-4CE1-BF7B-810CCC74143B}.Debug|Any CPU.ActiveCfg = Debug|Any CPU
		{600347FB-C35F-4CE1-BF7B-810CCC74143B}.Debug|Any CPU.Build.0 = Debug|Any CPU
		{600347FB-C35F-4CE1-BF7B-810CCC74143B}.Release|Any CPU.ActiveCfg = Release|Any CPU
		{600347FB-C35F-4CE1-BF7B-810CCC74143B}.Release|Any CPU.Build.0 = Release|Any CPU
		{CCE897C8-84C8-44D0-9E6F-FBEF28002010}.Debug|Any CPU.ActiveCfg = Debug|Any CPU
		{CCE897C8-84C8-44D0-9E6F-FBEF28002010}.Debug|Any CPU.Build.0 = Debug|Any CPU
		{CCE897C8-84C8-44D0-9E6F-FBEF28002010}.Release|Any CPU.ActiveCfg = Release|Any CPU
		{CCE897C8-84C8-44D0-9E6F-FBEF28002010}.Release|Any CPU.Build.0 = Release|Any CPU
		{CFA6D8E2-2B5D-4AEF-B65D-1C542719773F}.Debug|Any CPU.ActiveCfg = Debug|Any CPU
		{CFA6D8E2-2B5D-4AEF-B65D-1C542719773F}.Debug|Any CPU.Build.0 = Debug|Any CPU
		{CFA6D8E2-2B5D-4AEF-B65D-1C542719773F}.Release|Any CPU.ActiveCfg = Release|Any CPU
		{CFA6D8E2-2B5D-4AEF-B65D-1C542719773F}.Release|Any CPU.Build.0 = Release|Any CPU
	EndGlobalSection
	GlobalSection(SolutionProperties) = preSolution
		HideSolutionNode = FALSE
	EndGlobalSection
	GlobalSection(ExtensibilityGlobals) = postSolution
		SolutionGuid = {13671820-08F5-4E04-929F-FB81347D569D}
	EndGlobalSection
EndGlobal
